
Microsoft Visual Studio Solution File, Format Version 12.00
Project("{2150E333-8FDC-42A3-9474-1A3956D46DE8}") = "src", "src", "{A5662BB9-296A-4434-81C9-0E555F64836B}"
EndProject
Project("{2150E333-8FDC-42A3-9474-1A3956D46DE8}") = "core", "core", "{78FA81E1-378A-4BEB-BFE2-ED6D27E785E7}"
EndProject
Project("{2150E333-8FDC-42A3-9474-1A3956D46DE8}") = "contracts", "contracts", "{A417C90B-2119-46F6-9B2D-6E081380AFEB}"
EndProject
Project("{2150E333-8FDC-42A3-9474-1A3956D46DE8}") = "location", "location", "{B1CAB51C-616A-4ADD-B104-202D9BED72B3}"
EndProject
Project("{2150E333-8FDC-42A3-9474-1A3956D46DE8}") = "profile", "profile", "{02A43C16-9D8D-4C0E-A899-AF8B439D821B}"
EndProject
Project("{2150E333-8FDC-42A3-9474-1A3956D46DE8}") = "_etc", "_etc", "{6203EB22-1449-4207-BBC8-5F408AAE42F7}"
	ProjectSection(SolutionItems) = preProject
		README.md = README.md
	EndProjectSection
EndProject
Project("{2150E333-8FDC-42A3-9474-1A3956D46DE8}") = "domain", "domain", "{838E2207-D708-4663-ABE7-1EC88373C0FE}"
EndProject
Project("{2150E333-8FDC-42A3-9474-1A3956D46DE8}") = "infrastructure", "infrastructure", "{F76A59A8-878C-4F09-A161-B2A10F8EF40D}"
EndProject
Global
	GlobalSection(SolutionConfigurationPlatforms) = preSolution
		Debug|Any CPU = Debug|Any CPU
		Release|Any CPU = Release|Any CPU
	EndGlobalSection
	GlobalSection(NestedProjects) = preSolution
		{A417C90B-2119-46F6-9B2D-6E081380AFEB} = {A5662BB9-296A-4434-81C9-0E555F64836B}
		{B1CAB51C-616A-4ADD-B104-202D9BED72B3} = {A5662BB9-296A-4434-81C9-0E555F64836B}
		{02A43C16-9D8D-4C0E-A899-AF8B439D821B} = {A5662BB9-296A-4434-81C9-0E555F64836B}
		{838E2207-D708-4663-ABE7-1EC88373C0FE} = {78FA81E1-378A-4BEB-BFE2-ED6D27E785E7}
		{F76A59A8-878C-4F09-A161-B2A10F8EF40D} = {78FA81E1-378A-4BEB-BFE2-ED6D27E785E7}
	EndGlobalSection
EndGlobal
